
Microsoft Visual Studio Solution File, Format Version 12.00
# Visual Studio 15
VisualStudioVersion = 15.0.26730.15
MinimumVisualStudioVersion = 10.0.40219.1
Project("{888888A0-9F3D-457C-B088-3A5042F75D52}") = "recommendation", "recommendation\recommendation.pyproj", "{C328C298-4DE0-4742-A090-C8B4C1C98866}"
EndProject
Global
	GlobalSection(SolutionConfigurationPlatforms) = preSolution
		Debug|Any CPU = Debug|Any CPU
		Release|Any CPU = Release|Any CPU
	EndGlobalSection
	GlobalSection(ProjectConfigurationPlatforms) = postSolution
		{C328C298-4DE0-4742-A090-C8B4C1C98866}.Debug|Any CPU.ActiveCfg = Debug|Any CPU
		{C328C298-4DE0-4742-A090-C8B4C1C98866}.Release|Any CPU.ActiveCfg = Release|Any CPU
	EndGlobalSection
	GlobalSection(SolutionProperties) = preSolution
		HideSolutionNode = FALSE
	EndGlobalSection
	GlobalSection(ExtensibilityGlobals) = postSolution
		SolutionGuid = {D737FD2B-70B7-46AC-BC4D-F8BC8A4FDE5D}
	EndGlobalSection
EndGlobal
